
Microsoft Visual Studio Solution File, Format Version 12.00
# Visual Studio Version 16
VisualStudioVersion = 16.0.30804.86
MinimumVisualStudioVersion = 10.0.40219.1
Project("{FAE04EC0-301F-11D3-BF4B-00C04F79EFBC}") = "BlazorApp1", "BlazorApp1\BlazorApp1.csproj", "{E8D5DDFE-94E9-4E3E-882B-91714CA6442B}"
EndProject
Global
	GlobalSection(SolutionConfigurationPlatforms) = preSolution
		Debug|Any CPU = Debug|Any CPU
		Release|Any CPU = Release|Any CPU
	EndGlobalSection
	GlobalSection(ProjectConfigurationPlatforms) = postSolution
		{E8D5DDFE-94E9-4E3E-882B-91714CA6442B}.Debug|Any CPU.ActiveCfg = Debug|Any CPU
		{E8D5DDFE-94E9-4E3E-882B-91714CA6442B}.Debug|Any CPU.Build.0 = Debug|Any CPU
		{E8D5DDFE-94E9-4E3E-882B-91714CA6442B}.Release|Any CPU.ActiveCfg = Release|Any CPU
		{E8D5DDFE-94E9-4E3E-882B-91714CA6442B}.Release|Any CPU.Build.0 = Release|Any CPU
	EndGlobalSection
	GlobalSection(SolutionProperties) = preSolution
		HideSolutionNode = FALSE
	EndGlobalSection
	GlobalSection(ExtensibilityGlobals) = postSolution
		SolutionGuid = {59B77C64-95AB-4851-8ACE-7DC4034D837B}
	EndGlobalSection
EndGlobal
